// !$*UTF8*$!
{
	archiveVersion = 1;
	classes = {
	};
	objectVersion = 56;
	objects = {

/* Begin PBXBuildFile section */
		9D3781772B4293D500B690EC /* PersistenceManager.swift in Sources */ = {isa = PBXBuildFile; fileRef = 9D3781762B4293D500B690EC /* PersistenceManager.swift */; };
		9D3781792B429E6B00B690EC /* FavoritesCell.swift in Sources */ = {isa = PBXBuildFile; fileRef = 9D3781782B429E6B00B690EC /* FavoritesCell.swift */; };
		9D37817B2B42AE6F00B690EC /* GFTabBarController.swift in Sources */ = {isa = PBXBuildFile; fileRef = 9D37817A2B42AE6F00B690EC /* GFTabBarController.swift */; };
		9DB0BAB92B400DF300C41A2D /* AppDelegate.swift in Sources */ = {isa = PBXBuildFile; fileRef = 9DB0BAB82B400DF300C41A2D /* AppDelegate.swift */; };
		9DB0BABB2B400DF300C41A2D /* SceneDelegate.swift in Sources */ = {isa = PBXBuildFile; fileRef = 9DB0BABA2B400DF300C41A2D /* SceneDelegate.swift */; };
		9DB0BABD2B400DF300C41A2D /* SearchVC.swift in Sources */ = {isa = PBXBuildFile; fileRef = 9DB0BABC2B400DF300C41A2D /* SearchVC.swift */; };
		9DB0BAC22B400DF300C41A2D /* Assets.xcassets in Resources */ = {isa = PBXBuildFile; fileRef = 9DB0BAC12B400DF300C41A2D /* Assets.xcassets */; };
		9DB0BAC52B400DF300C41A2D /* LaunchScreen.storyboard in Resources */ = {isa = PBXBuildFile; fileRef = 9DB0BAC32B400DF300C41A2D /* LaunchScreen.storyboard */; };
		9DB0BACF2B4015F600C41A2D /* FavoritesListVC.swift in Sources */ = {isa = PBXBuildFile; fileRef = 9DB0BACE2B4015F600C41A2D /* FavoritesListVC.swift */; };
		9DB0BAD22B401A1800C41A2D /* GFButton.swift in Sources */ = {isa = PBXBuildFile; fileRef = 9DB0BAD12B401A1800C41A2D /* GFButton.swift */; };
		9DB0BAD42B401CC600C41A2D /* GFTextField.swift in Sources */ = {isa = PBXBuildFile; fileRef = 9DB0BAD32B401CC600C41A2D /* GFTextField.swift */; };
		9DB0BAD62B402B4D00C41A2D /* FollowerListVC.swift in Sources */ = {isa = PBXBuildFile; fileRef = 9DB0BAD52B402B4D00C41A2D /* FollowerListVC.swift */; };
		9DB0BAD92B4035AB00C41A2D /* String+Extensions.swift in Sources */ = {isa = PBXBuildFile; fileRef = 9DB0BAD82B4035AB00C41A2D /* String+Extensions.swift */; };
		9DB0BADD2B40388600C41A2D /* GFTitleLabel.swift in Sources */ = {isa = PBXBuildFile; fileRef = 9DB0BADC2B40388600C41A2D /* GFTitleLabel.swift */; };
		9DB0BADF2B40399B00C41A2D /* GFBodyLabel.swift in Sources */ = {isa = PBXBuildFile; fileRef = 9DB0BADE2B40399B00C41A2D /* GFBodyLabel.swift */; };
		9DB0BAE12B403A6A00C41A2D /* GFAlertVC.swift in Sources */ = {isa = PBXBuildFile; fileRef = 9DB0BAE02B403A6A00C41A2D /* GFAlertVC.swift */; };
		9DB0BAE32B40407700C41A2D /* UIViewController+Extensions.swift in Sources */ = {isa = PBXBuildFile; fileRef = 9DB0BAE22B40407700C41A2D /* UIViewController+Extensions.swift */; };
		9DB0BAE72B4046A000C41A2D /* Follower.swift in Sources */ = {isa = PBXBuildFile; fileRef = 9DB0BAE62B4046A000C41A2D /* Follower.swift */; };
		9DB0BAE92B40476800C41A2D /* User.swift in Sources */ = {isa = PBXBuildFile; fileRef = 9DB0BAE82B40476800C41A2D /* User.swift */; };
		9DB0BAEB2B404B6D00C41A2D /* APIManager.swift in Sources */ = {isa = PBXBuildFile; fileRef = 9DB0BAEA2B404B6D00C41A2D /* APIManager.swift */; };
		9DB0BAEE2B4051B900C41A2D /* FollowerListViewModel.swift in Sources */ = {isa = PBXBuildFile; fileRef = 9DB0BAED2B4051B900C41A2D /* FollowerListViewModel.swift */; };
		9DB0BAF12B405A3300C41A2D /* FollowerCell.swift in Sources */ = {isa = PBXBuildFile; fileRef = 9DB0BAF02B405A3300C41A2D /* FollowerCell.swift */; };
		9DB0BAF32B405B6500C41A2D /* GFAvatarImageView.swift in Sources */ = {isa = PBXBuildFile; fileRef = 9DB0BAF22B405B6500C41A2D /* GFAvatarImageView.swift */; };
		9DB0BAF52B40761900C41A2D /* UIHelper.swift in Sources */ = {isa = PBXBuildFile; fileRef = 9DB0BAF42B40761900C41A2D /* UIHelper.swift */; };
		9DB0BAF72B41134800C41A2D /* GFEmptyView.swift in Sources */ = {isa = PBXBuildFile; fileRef = 9DB0BAF62B41134800C41A2D /* GFEmptyView.swift */; };
		9DB0BAF92B4126DE00C41A2D /* ProfileVC.swift in Sources */ = {isa = PBXBuildFile; fileRef = 9DB0BAF82B4126DE00C41A2D /* ProfileVC.swift */; };
		9DB0BAFC2B41AB1E00C41A2D /* GFProfileHeaderVC.swift in Sources */ = {isa = PBXBuildFile; fileRef = 9DB0BAFB2B41AB1E00C41A2D /* GFProfileHeaderVC.swift */; };
		9DB0BAFF2B41AB6900C41A2D /* GFSecondaryTitleLabel.swift in Sources */ = {isa = PBXBuildFile; fileRef = 9DB0BAFE2B41AB6900C41A2D /* GFSecondaryTitleLabel.swift */; };
		9DB0BB012B41B5C500C41A2D /* Constants.swift in Sources */ = {isa = PBXBuildFile; fileRef = 9DB0BB002B41B5C500C41A2D /* Constants.swift */; };
		9DB0BB032B41BDEF00C41A2D /* GFItemInfoView.swift in Sources */ = {isa = PBXBuildFile; fileRef = 9DB0BB022B41BDEF00C41A2D /* GFItemInfoView.swift */; };
		9DB0BB052B41C22000C41A2D /* GFProfileInfoVC.swift in Sources */ = {isa = PBXBuildFile; fileRef = 9DB0BB042B41C22000C41A2D /* GFProfileInfoVC.swift */; };
		9DB0BB072B41C57B00C41A2D /* GFRepoItemVC.swift in Sources */ = {isa = PBXBuildFile; fileRef = 9DB0BB062B41C57B00C41A2D /* GFRepoItemVC.swift */; };
		9DB0BB092B41C70D00C41A2D /* GFFollowerItemVC.swift in Sources */ = {isa = PBXBuildFile; fileRef = 9DB0BB082B41C70D00C41A2D /* GFFollowerItemVC.swift */; };
		9DB0BB0B2B41CA2B00C41A2D /* Date+Extensions.swift in Sources */ = {isa = PBXBuildFile; fileRef = 9DB0BB0A2B41CA2B00C41A2D /* Date+Extensions.swift */; };
/* End PBXBuildFile section */

/* Begin PBXFileReference section */
		9D3781762B4293D500B690EC /* PersistenceManager.swift */ = {isa = PBXFileReference; lastKnownFileType = sourcecode.swift; path = PersistenceManager.swift; sourceTree = "<group>"; };
		9D3781782B429E6B00B690EC /* FavoritesCell.swift */ = {isa = PBXFileReference; lastKnownFileType = sourcecode.swift; path = FavoritesCell.swift; sourceTree = "<group>"; };
		9D37817A2B42AE6F00B690EC /* GFTabBarController.swift */ = {isa = PBXFileReference; lastKnownFileType = sourcecode.swift; path = GFTabBarController.swift; sourceTree = "<group>"; };
		9DB0BAB52B400DF300C41A2D /* GitFollowers.app */ = {isa = PBXFileReference; explicitFileType = wrapper.application; includeInIndex = 0; path = GitFollowers.app; sourceTree = BUILT_PRODUCTS_DIR; };
		9DB0BAB82B400DF300C41A2D /* AppDelegate.swift */ = {isa = PBXFileReference; lastKnownFileType = sourcecode.swift; path = AppDelegate.swift; sourceTree = "<group>"; };
		9DB0BABA2B400DF300C41A2D /* SceneDelegate.swift */ = {isa = PBXFileReference; lastKnownFileType = sourcecode.swift; path = SceneDelegate.swift; sourceTree = "<group>"; };
		9DB0BABC2B400DF300C41A2D /* SearchVC.swift */ = {isa = PBXFileReference; lastKnownFileType = sourcecode.swift; path = SearchVC.swift; sourceTree = "<group>"; };
		9DB0BAC12B400DF300C41A2D /* Assets.xcassets */ = {isa = PBXFileReference; lastKnownFileType = folder.assetcatalog; path = Assets.xcassets; sourceTree = "<group>"; };
		9DB0BAC42B400DF300C41A2D /* Base */ = {isa = PBXFileReference; lastKnownFileType = file.storyboard; name = Base; path = Base.lproj/LaunchScreen.storyboard; sourceTree = "<group>"; };
		9DB0BAC62B400DF300C41A2D /* Info.plist */ = {isa = PBXFileReference; lastKnownFileType = text.plist.xml; path = Info.plist; sourceTree = "<group>"; };
		9DB0BACE2B4015F600C41A2D /* FavoritesListVC.swift */ = {isa = PBXFileReference; lastKnownFileType = sourcecode.swift; path = FavoritesListVC.swift; sourceTree = "<group>"; };
		9DB0BAD12B401A1800C41A2D /* GFButton.swift */ = {isa = PBXFileReference; lastKnownFileType = sourcecode.swift; path = GFButton.swift; sourceTree = "<group>"; };
		9DB0BAD32B401CC600C41A2D /* GFTextField.swift */ = {isa = PBXFileReference; lastKnownFileType = sourcecode.swift; path = GFTextField.swift; sourceTree = "<group>"; };
		9DB0BAD52B402B4D00C41A2D /* FollowerListVC.swift */ = {isa = PBXFileReference; lastKnownFileType = sourcecode.swift; path = FollowerListVC.swift; sourceTree = "<group>"; };
		9DB0BAD82B4035AB00C41A2D /* String+Extensions.swift */ = {isa = PBXFileReference; lastKnownFileType = sourcecode.swift; path = "String+Extensions.swift"; sourceTree = "<group>"; };
		9DB0BADC2B40388600C41A2D /* GFTitleLabel.swift */ = {isa = PBXFileReference; lastKnownFileType = sourcecode.swift; path = GFTitleLabel.swift; sourceTree = "<group>"; };
		9DB0BADE2B40399B00C41A2D /* GFBodyLabel.swift */ = {isa = PBXFileReference; lastKnownFileType = sourcecode.swift; path = GFBodyLabel.swift; sourceTree = "<group>"; };
		9DB0BAE02B403A6A00C41A2D /* GFAlertVC.swift */ = {isa = PBXFileReference; lastKnownFileType = sourcecode.swift; path = GFAlertVC.swift; sourceTree = "<group>"; };
		9DB0BAE22B40407700C41A2D /* UIViewController+Extensions.swift */ = {isa = PBXFileReference; lastKnownFileType = sourcecode.swift; path = "UIViewController+Extensions.swift"; sourceTree = "<group>"; };
		9DB0BAE62B4046A000C41A2D /* Follower.swift */ = {isa = PBXFileReference; lastKnownFileType = sourcecode.swift; path = Follower.swift; sourceTree = "<group>"; };
		9DB0BAE82B40476800C41A2D /* User.swift */ = {isa = PBXFileReference; lastKnownFileType = sourcecode.swift; path = User.swift; sourceTree = "<group>"; };
		9DB0BAEA2B404B6D00C41A2D /* APIManager.swift */ = {isa = PBXFileReference; lastKnownFileType = sourcecode.swift; path = APIManager.swift; sourceTree = "<group>"; };
		9DB0BAED2B4051B900C41A2D /* FollowerListViewModel.swift */ = {isa = PBXFileReference; lastKnownFileType = sourcecode.swift; path = FollowerListViewModel.swift; sourceTree = "<group>"; };
		9DB0BAF02B405A3300C41A2D /* FollowerCell.swift */ = {isa = PBXFileReference; lastKnownFileType = sourcecode.swift; path = FollowerCell.swift; sourceTree = "<group>"; };
		9DB0BAF22B405B6500C41A2D /* GFAvatarImageView.swift */ = {isa = PBXFileReference; lastKnownFileType = sourcecode.swift; path = GFAvatarImageView.swift; sourceTree = "<group>"; };
		9DB0BAF42B40761900C41A2D /* UIHelper.swift */ = {isa = PBXFileReference; lastKnownFileType = sourcecode.swift; path = UIHelper.swift; sourceTree = "<group>"; };
		9DB0BAF62B41134800C41A2D /* GFEmptyView.swift */ = {isa = PBXFileReference; lastKnownFileType = sourcecode.swift; path = GFEmptyView.swift; sourceTree = "<group>"; };
		9DB0BAF82B4126DE00C41A2D /* ProfileVC.swift */ = {isa = PBXFileReference; lastKnownFileType = sourcecode.swift; path = ProfileVC.swift; sourceTree = "<group>"; };
		9DB0BAFB2B41AB1E00C41A2D /* GFProfileHeaderVC.swift */ = {isa = PBXFileReference; lastKnownFileType = sourcecode.swift; path = GFProfileHeaderVC.swift; sourceTree = "<group>"; };
		9DB0BAFE2B41AB6900C41A2D /* GFSecondaryTitleLabel.swift */ = {isa = PBXFileReference; lastKnownFileType = sourcecode.swift; path = GFSecondaryTitleLabel.swift; sourceTree = "<group>"; };
		9DB0BB002B41B5C500C41A2D /* Constants.swift */ = {isa = PBXFileReference; lastKnownFileType = sourcecode.swift; path = Constants.swift; sourceTree = "<group>"; };
		9DB0BB022B41BDEF00C41A2D /* GFItemInfoView.swift */ = {isa = PBXFileReference; lastKnownFileType = sourcecode.swift; path = GFItemInfoView.swift; sourceTree = "<group>"; };
		9DB0BB042B41C22000C41A2D /* GFProfileInfoVC.swift */ = {isa = PBXFileReference; lastKnownFileType = sourcecode.swift; path = GFProfileInfoVC.swift; sourceTree = "<group>"; };
		9DB0BB062B41C57B00C41A2D /* GFRepoItemVC.swift */ = {isa = PBXFileReference; lastKnownFileType = sourcecode.swift; path = GFRepoItemVC.swift; sourceTree = "<group>"; };
		9DB0BB082B41C70D00C41A2D /* GFFollowerItemVC.swift */ = {isa = PBXFileReference; lastKnownFileType = sourcecode.swift; path = GFFollowerItemVC.swift; sourceTree = "<group>"; };
		9DB0BB0A2B41CA2B00C41A2D /* Date+Extensions.swift */ = {isa = PBXFileReference; lastKnownFileType = sourcecode.swift; path = "Date+Extensions.swift"; sourceTree = "<group>"; };
/* End PBXFileReference section */

/* Begin PBXFrameworksBuildPhase section */
		9DB0BAB22B400DF200C41A2D /* Frameworks */ = {
			isa = PBXFrameworksBuildPhase;
			buildActionMask = 2147483647;
			files = (
			);
			runOnlyForDeploymentPostprocessing = 0;
		};
/* End PBXFrameworksBuildPhase section */

/* Begin PBXGroup section */
		9D3781752B4293B800B690EC /* Storage */ = {
			isa = PBXGroup;
			children = (
				9D3781762B4293D500B690EC /* PersistenceManager.swift */,
			);
			path = Storage;
			sourceTree = "<group>";
		};
		9DB0BAAC2B400DF200C41A2D = {
			isa = PBXGroup;
			children = (
				9DB0BAB72B400DF300C41A2D /* GitFollowers */,
				9DB0BAB62B400DF300C41A2D /* Products */,
			);
			sourceTree = "<group>";
		};
		9DB0BAB62B400DF300C41A2D /* Products */ = {
			isa = PBXGroup;
			children = (
				9DB0BAB52B400DF300C41A2D /* GitFollowers.app */,
			);
			name = Products;
			sourceTree = "<group>";
		};
		9DB0BAB72B400DF300C41A2D /* GitFollowers */ = {
			isa = PBXGroup;
			children = (
				9DB0BACC2B400ED100C41A2D /* MainResources */,
				9DB0BAE42B40465B00C41A2D /* APIManager */,
				9D3781752B4293B800B690EC /* Storage */,
				9DB0BACD2B400F1600C41A2D /* ViewControllers */,
			);
			path = GitFollowers;
			sourceTree = "<group>";
		};
		9DB0BACC2B400ED100C41A2D /* MainResources */ = {
			isa = PBXGroup;
			children = (
				9DB0BAB82B400DF300C41A2D /* AppDelegate.swift */,
				9DB0BABA2B400DF300C41A2D /* SceneDelegate.swift */,
				9DB0BAC12B400DF300C41A2D /* Assets.xcassets */,
				9DB0BAC32B400DF300C41A2D /* LaunchScreen.storyboard */,
				9DB0BAC62B400DF300C41A2D /* Info.plist */,
			);
			path = MainResources;
			sourceTree = "<group>";
		};
		9DB0BACD2B400F1600C41A2D /* ViewControllers */ = {
			isa = PBXGroup;
			children = (
				9DB0BAEF2B405A1A00C41A2D /* Cells */,
				9DB0BAD02B4019E400C41A2D /* Views */,
				9DB0BAEC2B4051A300C41A2D /* ViewModel */,
				9DB0BABC2B400DF300C41A2D /* SearchVC.swift */,
				9DB0BACE2B4015F600C41A2D /* FavoritesListVC.swift */,
				9DB0BAD52B402B4D00C41A2D /* FollowerListVC.swift */,
				9DB0BAFA2B41AAF700C41A2D /* Profile */,
			);
			path = ViewControllers;
			sourceTree = "<group>";
		};
		9DB0BAD02B4019E400C41A2D /* Views */ = {
			isa = PBXGroup;
			children = (
				9DB0BAD72B40359800C41A2D /* Custom+Extensions */,
				9DB0BAD12B401A1800C41A2D /* GFButton.swift */,
				9DB0BAD32B401CC600C41A2D /* GFTextField.swift */,
				9DB0BADC2B40388600C41A2D /* GFTitleLabel.swift */,
				9DB0BAFE2B41AB6900C41A2D /* GFSecondaryTitleLabel.swift */,
				9DB0BADE2B40399B00C41A2D /* GFBodyLabel.swift */,
				9DB0BAE02B403A6A00C41A2D /* GFAlertVC.swift */,
				9DB0BAF22B405B6500C41A2D /* GFAvatarImageView.swift */,
				9DB0BAF62B41134800C41A2D /* GFEmptyView.swift */,
				9DB0BB022B41BDEF00C41A2D /* GFItemInfoView.swift */,
			);
			path = Views;
			sourceTree = "<group>";
		};
		9DB0BAD72B40359800C41A2D /* Custom+Extensions */ = {
			isa = PBXGroup;
			children = (
				9DB0BAD82B4035AB00C41A2D /* String+Extensions.swift */,
				9DB0BAE22B40407700C41A2D /* UIViewController+Extensions.swift */,
				9DB0BAF42B40761900C41A2D /* UIHelper.swift */,
				9DB0BB002B41B5C500C41A2D /* Constants.swift */,
				9DB0BB0A2B41CA2B00C41A2D /* Date+Extensions.swift */,
				9D37817A2B42AE6F00B690EC /* GFTabBarController.swift */,
			);
			path = "Custom+Extensions";
			sourceTree = "<group>";
		};
		9DB0BAE42B40465B00C41A2D /* APIManager */ = {
			isa = PBXGroup;
			children = (
				9DB0BAE52B40469200C41A2D /* Model */,
				9DB0BAEA2B404B6D00C41A2D /* APIManager.swift */,
			);
			path = APIManager;
			sourceTree = "<group>";
		};
		9DB0BAE52B40469200C41A2D /* Model */ = {
			isa = PBXGroup;
			children = (
				9DB0BAE62B4046A000C41A2D /* Follower.swift */,
				9DB0BAE82B40476800C41A2D /* User.swift */,
			);
			path = Model;
			sourceTree = "<group>";
		};
		9DB0BAEC2B4051A300C41A2D /* ViewModel */ = {
			isa = PBXGroup;
			children = (
				9DB0BAED2B4051B900C41A2D /* FollowerListViewModel.swift */,
			);
			path = ViewModel;
			sourceTree = "<group>";
		};
		9DB0BAEF2B405A1A00C41A2D /* Cells */ = {
			isa = PBXGroup;
			children = (
				9DB0BAF02B405A3300C41A2D /* FollowerCell.swift */,
				9D3781782B429E6B00B690EC /* FavoritesCell.swift */,
			);
			path = Cells;
			sourceTree = "<group>";
		};
		9DB0BAFA2B41AAF700C41A2D /* Profile */ = {
			isa = PBXGroup;
			children = (
				9DB0BAFD2B41AB4300C41A2D /* Views */,
				9DB0BAF82B4126DE00C41A2D /* ProfileVC.swift */,
			);
			path = Profile;
			sourceTree = "<group>";
		};
		9DB0BAFD2B41AB4300C41A2D /* Views */ = {
			isa = PBXGroup;
			children = (
				9DB0BAFB2B41AB1E00C41A2D /* GFProfileHeaderVC.swift */,
				9DB0BB042B41C22000C41A2D /* GFProfileInfoVC.swift */,
				9DB0BB062B41C57B00C41A2D /* GFRepoItemVC.swift */,
				9DB0BB082B41C70D00C41A2D /* GFFollowerItemVC.swift */,
			);
			path = Views;
			sourceTree = "<group>";
		};
/* End PBXGroup section */

/* Begin PBXNativeTarget section */
		9DB0BAB42B400DF200C41A2D /* GitFollowers */ = {
			isa = PBXNativeTarget;
			buildConfigurationList = 9DB0BAC92B400DF300C41A2D /* Build configuration list for PBXNativeTarget "GitFollowers" */;
			buildPhases = (
				9DB0BAB12B400DF200C41A2D /* Sources */,
				9DB0BAB22B400DF200C41A2D /* Frameworks */,
				9DB0BAB32B400DF200C41A2D /* Resources */,
			);
			buildRules = (
			);
			dependencies = (
			);
			name = GitFollowers;
			productName = GitFollowers;
			productReference = 9DB0BAB52B400DF300C41A2D /* GitFollowers.app */;
			productType = "com.apple.product-type.application";
		};
/* End PBXNativeTarget section */

/* Begin PBXProject section */
		9DB0BAAD2B400DF200C41A2D /* Project object */ = {
			isa = PBXProject;
			attributes = {
				BuildIndependentTargetsInParallel = 1;
				LastSwiftUpdateCheck = 1510;
				LastUpgradeCheck = 1510;
				TargetAttributes = {
					9DB0BAB42B400DF200C41A2D = {
						CreatedOnToolsVersion = 15.1;
					};
				};
			};
			buildConfigurationList = 9DB0BAB02B400DF200C41A2D /* Build configuration list for PBXProject "GitFollowers" */;
			compatibilityVersion = "Xcode 14.0";
			developmentRegion = en;
			hasScannedForEncodings = 0;
			knownRegions = (
				en,
				Base,
			);
			mainGroup = 9DB0BAAC2B400DF200C41A2D;
			productRefGroup = 9DB0BAB62B400DF300C41A2D /* Products */;
			projectDirPath = "";
			projectRoot = "";
			targets = (
				9DB0BAB42B400DF200C41A2D /* GitFollowers */,
			);
		};
/* End PBXProject section */

/* Begin PBXResourcesBuildPhase section */
		9DB0BAB32B400DF200C41A2D /* Resources */ = {
			isa = PBXResourcesBuildPhase;
			buildActionMask = 2147483647;
			files = (
				9DB0BAC52B400DF300C41A2D /* LaunchScreen.storyboard in Resources */,
				9DB0BAC22B400DF300C41A2D /* Assets.xcassets in Resources */,
			);
			runOnlyForDeploymentPostprocessing = 0;
		};
/* End PBXResourcesBuildPhase section */

/* Begin PBXSourcesBuildPhase section */
		9DB0BAB12B400DF200C41A2D /* Sources */ = {
			isa = PBXSourcesBuildPhase;
			buildActionMask = 2147483647;
			files = (
				9DB0BAD42B401CC600C41A2D /* GFTextField.swift in Sources */,
				9DB0BACF2B4015F600C41A2D /* FavoritesListVC.swift in Sources */,
				9D3781792B429E6B00B690EC /* FavoritesCell.swift in Sources */,
				9DB0BABD2B400DF300C41A2D /* SearchVC.swift in Sources */,
				9DB0BAB92B400DF300C41A2D /* AppDelegate.swift in Sources */,
				9DB0BAE32B40407700C41A2D /* UIViewController+Extensions.swift in Sources */,
				9DB0BAD92B4035AB00C41A2D /* String+Extensions.swift in Sources */,
				9DB0BAE92B40476800C41A2D /* User.swift in Sources */,
				9DB0BAFF2B41AB6900C41A2D /* GFSecondaryTitleLabel.swift in Sources */,
				9DB0BAF12B405A3300C41A2D /* FollowerCell.swift in Sources */,
				9DB0BAF32B405B6500C41A2D /* GFAvatarImageView.swift in Sources */,
				9DB0BAF92B4126DE00C41A2D /* ProfileVC.swift in Sources */,
				9DB0BAE12B403A6A00C41A2D /* GFAlertVC.swift in Sources */,
				9DB0BB072B41C57B00C41A2D /* GFRepoItemVC.swift in Sources */,
				9DB0BAEE2B4051B900C41A2D /* FollowerListViewModel.swift in Sources */,
				9DB0BB052B41C22000C41A2D /* GFProfileInfoVC.swift in Sources */,
				9D37817B2B42AE6F00B690EC /* GFTabBarController.swift in Sources */,
				9DB0BAE72B4046A000C41A2D /* Follower.swift in Sources */,
				9DB0BAD62B402B4D00C41A2D /* FollowerListVC.swift in Sources */,
				9DB0BADD2B40388600C41A2D /* GFTitleLabel.swift in Sources */,
				9DB0BABB2B400DF300C41A2D /* SceneDelegate.swift in Sources */,
				9DB0BAFC2B41AB1E00C41A2D /* GFProfileHeaderVC.swift in Sources */,
				9DB0BB092B41C70D00C41A2D /* GFFollowerItemVC.swift in Sources */,
				9D3781772B4293D500B690EC /* PersistenceManager.swift in Sources */,
				9DB0BAF72B41134800C41A2D /* GFEmptyView.swift in Sources */,
				9DB0BAF52B40761900C41A2D /* UIHelper.swift in Sources */,
				9DB0BAEB2B404B6D00C41A2D /* APIManager.swift in Sources */,
				9DB0BB0B2B41CA2B00C41A2D /* Date+Extensions.swift in Sources */,
				9DB0BAD22B401A1800C41A2D /* GFButton.swift in Sources */,
				9DB0BB032B41BDEF00C41A2D /* GFItemInfoView.swift in Sources */,
				9DB0BADF2B40399B00C41A2D /* GFBodyLabel.swift in Sources */,
				9DB0BB012B41B5C500C41A2D /* Constants.swift in Sources */,
			);
			runOnlyForDeploymentPostprocessing = 0;
		};
/* End PBXSourcesBuildPhase section */

/* Begin PBXVariantGroup section */
		9DB0BAC32B400DF300C41A2D /* LaunchScreen.storyboard */ = {
			isa = PBXVariantGroup;
			children = (
				9DB0BAC42B400DF300C41A2D /* Base */,
			);
			name = LaunchScreen.storyboard;
			sourceTree = "<group>";
		};
/* End PBXVariantGroup section */

/* Begin XCBuildConfiguration section */
		9DB0BAC72B400DF300C41A2D /* Debug */ = {
			isa = XCBuildConfiguration;
			buildSettings = {
				ALWAYS_SEARCH_USER_PATHS = NO;
				ASSETCATALOG_COMPILER_GENERATE_SWIFT_ASSET_SYMBOL_EXTENSIONS = YES;
				CLANG_ANALYZER_NONNULL = YES;
				CLANG_ANALYZER_NUMBER_OBJECT_CONVERSION = YES_AGGRESSIVE;
				CLANG_CXX_LANGUAGE_STANDARD = "gnu++20";
				CLANG_ENABLE_MODULES = YES;
				CLANG_ENABLE_OBJC_ARC = YES;
				CLANG_ENABLE_OBJC_WEAK = YES;
				CLANG_WARN_BLOCK_CAPTURE_AUTORELEASING = YES;
				CLANG_WARN_BOOL_CONVERSION = YES;
				CLANG_WARN_COMMA = YES;
				CLANG_WARN_CONSTANT_CONVERSION = YES;
				CLANG_WARN_DEPRECATED_OBJC_IMPLEMENTATIONS = YES;
				CLANG_WARN_DIRECT_OBJC_ISA_USAGE = YES_ERROR;
				CLANG_WARN_DOCUMENTATION_COMMENTS = YES;
				CLANG_WARN_EMPTY_BODY = YES;
				CLANG_WARN_ENUM_CONVERSION = YES;
				CLANG_WARN_INFINITE_RECURSION = YES;
				CLANG_WARN_INT_CONVERSION = YES;
				CLANG_WARN_NON_LITERAL_NULL_CONVERSION = YES;
				CLANG_WARN_OBJC_IMPLICIT_RETAIN_SELF = YES;
				CLANG_WARN_OBJC_LITERAL_CONVERSION = YES;
				CLANG_WARN_OBJC_ROOT_CLASS = YES_ERROR;
				CLANG_WARN_QUOTED_INCLUDE_IN_FRAMEWORK_HEADER = YES;
				CLANG_WARN_RANGE_LOOP_ANALYSIS = YES;
				CLANG_WARN_STRICT_PROTOTYPES = YES;
				CLANG_WARN_SUSPICIOUS_MOVE = YES;
				CLANG_WARN_UNGUARDED_AVAILABILITY = YES_AGGRESSIVE;
				CLANG_WARN_UNREACHABLE_CODE = YES;
				CLANG_WARN__DUPLICATE_METHOD_MATCH = YES;
				COPY_PHASE_STRIP = NO;
				DEBUG_INFORMATION_FORMAT = dwarf;
				ENABLE_STRICT_OBJC_MSGSEND = YES;
				ENABLE_TESTABILITY = YES;
				ENABLE_USER_SCRIPT_SANDBOXING = YES;
				GCC_C_LANGUAGE_STANDARD = gnu17;
				GCC_DYNAMIC_NO_PIC = NO;
				GCC_NO_COMMON_BLOCKS = YES;
				GCC_OPTIMIZATION_LEVEL = 0;
				GCC_PREPROCESSOR_DEFINITIONS = (
					"DEBUG=1",
					"$(inherited)",
				);
				GCC_WARN_64_TO_32_BIT_CONVERSION = YES;
				GCC_WARN_ABOUT_RETURN_TYPE = YES_ERROR;
				GCC_WARN_UNDECLARED_SELECTOR = YES;
				GCC_WARN_UNINITIALIZED_AUTOS = YES_AGGRESSIVE;
				GCC_WARN_UNUSED_FUNCTION = YES;
				GCC_WARN_UNUSED_VARIABLE = YES;
				IPHONEOS_DEPLOYMENT_TARGET = 15.0;
				LOCALIZATION_PREFERS_STRING_CATALOGS = YES;
				MTL_ENABLE_DEBUG_INFO = INCLUDE_SOURCE;
				MTL_FAST_MATH = YES;
				ONLY_ACTIVE_ARCH = YES;
				SDKROOT = iphoneos;
				SWIFT_ACTIVE_COMPILATION_CONDITIONS = "DEBUG $(inherited)";
				SWIFT_OPTIMIZATION_LEVEL = "-Onone";
			};
			name = Debug;
		};
		9DB0BAC82B400DF300C41A2D /* Release */ = {
			isa = XCBuildConfiguration;
			buildSettings = {
				ALWAYS_SEARCH_USER_PATHS = NO;
				ASSETCATALOG_COMPILER_GENERATE_SWIFT_ASSET_SYMBOL_EXTENSIONS = YES;
				CLANG_ANALYZER_NONNULL = YES;
				CLANG_ANALYZER_NUMBER_OBJECT_CONVERSION = YES_AGGRESSIVE;
				CLANG_CXX_LANGUAGE_STANDARD = "gnu++20";
				CLANG_ENABLE_MODULES = YES;
				CLANG_ENABLE_OBJC_ARC = YES;
				CLANG_ENABLE_OBJC_WEAK = YES;
				CLANG_WARN_BLOCK_CAPTURE_AUTORELEASING = YES;
				CLANG_WARN_BOOL_CONVERSION = YES;
				CLANG_WARN_COMMA = YES;
				CLANG_WARN_CONSTANT_CONVERSION = YES;
				CLANG_WARN_DEPRECATED_OBJC_IMPLEMENTATIONS = YES;
				CLANG_WARN_DIRECT_OBJC_ISA_USAGE = YES_ERROR;
				CLANG_WARN_DOCUMENTATION_COMMENTS = YES;
				CLANG_WARN_EMPTY_BODY = YES;
				CLANG_WARN_ENUM_CONVERSION = YES;
				CLANG_WARN_INFINITE_RECURSION = YES;
				CLANG_WARN_INT_CONVERSION = YES;
				CLANG_WARN_NON_LITERAL_NULL_CONVERSION = YES;
				CLANG_WARN_OBJC_IMPLICIT_RETAIN_SELF = YES;
				CLANG_WARN_OBJC_LITERAL_CONVERSION = YES;
				CLANG_WARN_OBJC_ROOT_CLASS = YES_ERROR;
				CLANG_WARN_QUOTED_INCLUDE_IN_FRAMEWORK_HEADER = YES;
				CLANG_WARN_RANGE_LOOP_ANALYSIS = YES;
				CLANG_WARN_STRICT_PROTOTYPES = YES;
				CLANG_WARN_SUSPICIOUS_MOVE = YES;
				CLANG_WARN_UNGUARDED_AVAILABILITY = YES_AGGRESSIVE;
				CLANG_WARN_UNREACHABLE_CODE = YES;
				CLANG_WARN__DUPLICATE_METHOD_MATCH = YES;
				COPY_PHASE_STRIP = NO;
				DEBUG_INFORMATION_FORMAT = "dwarf-with-dsym";
				ENABLE_NS_ASSERTIONS = NO;
				ENABLE_STRICT_OBJC_MSGSEND = YES;
				ENABLE_USER_SCRIPT_SANDBOXING = YES;
				GCC_C_LANGUAGE_STANDARD = gnu17;
				GCC_NO_COMMON_BLOCKS = YES;
				GCC_WARN_64_TO_32_BIT_CONVERSION = YES;
				GCC_WARN_ABOUT_RETURN_TYPE = YES_ERROR;
				GCC_WARN_UNDECLARED_SELECTOR = YES;
				GCC_WARN_UNINITIALIZED_AUTOS = YES_AGGRESSIVE;
				GCC_WARN_UNUSED_FUNCTION = YES;
				GCC_WARN_UNUSED_VARIABLE = YES;
				IPHONEOS_DEPLOYMENT_TARGET = 15.0;
				LOCALIZATION_PREFERS_STRING_CATALOGS = YES;
				MTL_ENABLE_DEBUG_INFO = NO;
				MTL_FAST_MATH = YES;
				SDKROOT = iphoneos;
				SWIFT_COMPILATION_MODE = wholemodule;
				VALIDATE_PRODUCT = YES;
			};
			name = Release;
		};
		9DB0BACA2B400DF300C41A2D /* Debug */ = {
			isa = XCBuildConfiguration;
			buildSettings = {
				ASSETCATALOG_COMPILER_APPICON_NAME = AppIcon;
				ASSETCATALOG_COMPILER_GLOBAL_ACCENT_COLOR_NAME = AccentColor;
				CODE_SIGN_STYLE = Automatic;
				CURRENT_PROJECT_VERSION = 1;
				GENERATE_INFOPLIST_FILE = YES;
				INFOPLIST_FILE = GitFollowers/MainResources/Info.plist;
				INFOPLIST_KEY_UIApplicationSupportsIndirectInputEvents = YES;
				INFOPLIST_KEY_UILaunchStoryboardName = LaunchScreen;
				INFOPLIST_KEY_UISupportedInterfaceOrientations = UIInterfaceOrientationPortrait;
				INFOPLIST_KEY_UISupportedInterfaceOrientations_iPad = "UIInterfaceOrientationLandscapeLeft UIInterfaceOrientationLandscapeRight UIInterfaceOrientationPortrait UIInterfaceOrientationPortraitUpsideDown";
				IPHONEOS_DEPLOYMENT_TARGET = 15.0;
				LD_RUNPATH_SEARCH_PATHS = (
					"$(inherited)",
					"@executable_path/Frameworks",
				);
				MARKETING_VERSION = 1.0;
				PRODUCT_BUNDLE_IDENTIFIER = com.maheshwaran.GitFollowers;
				PRODUCT_NAME = "$(TARGET_NAME)";
				SWIFT_EMIT_LOC_STRINGS = YES;
				SWIFT_VERSION = 5.0;
				TARGETED_DEVICE_FAMILY = "1,2";
			};
			name = Debug;
		};
		9DB0BACB2B400DF300C41A2D /* Release */ = {
			isa = XCBuildConfiguration;
			buildSettings = {
				ASSETCATALOG_COMPILER_APPICON_NAME = AppIcon;
				ASSETCATALOG_COMPILER_GLOBAL_ACCENT_COLOR_NAME = AccentColor;
				CODE_SIGN_STYLE = Automatic;
				CURRENT_PROJECT_VERSION = 1;
				GENERATE_INFOPLIST_FILE = YES;
				INFOPLIST_FILE = GitFollowers/MainResources/Info.plist;
				INFOPLIST_KEY_UIApplicationSupportsIndirectInputEvents = YES;
				INFOPLIST_KEY_UILaunchStoryboardName = LaunchScreen;
				INFOPLIST_KEY_UISupportedInterfaceOrientations = UIInterfaceOrientationPortrait;
				INFOPLIST_KEY_UISupportedInterfaceOrientations_iPad = "UIInterfaceOrientationLandscapeLeft UIInterfaceOrientationLandscapeRight UIInterfaceOrientationPortrait UIInterfaceOrientationPortraitUpsideDown";
				IPHONEOS_DEPLOYMENT_TARGET = 15.0;
				LD_RUNPATH_SEARCH_PATHS = (
					"$(inherited)",
					"@executable_path/Frameworks",
				);
				MARKETING_VERSION = 1.0;
				PRODUCT_BUNDLE_IDENTIFIER = com.maheshwaran.GitFollowers;
				PRODUCT_NAME = "$(TARGET_NAME)";
				SWIFT_EMIT_LOC_STRINGS = YES;
				SWIFT_VERSION = 5.0;
				TARGETED_DEVICE_FAMILY = "1,2";
			};
			name = Release;
		};
/* End XCBuildConfiguration section */

/* Begin XCConfigurationList section */
		9DB0BAB02B400DF200C41A2D /* Build configuration list for PBXProject "GitFollowers" */ = {
			isa = XCConfigurationList;
			buildConfigurations = (
				9DB0BAC72B400DF300C41A2D /* Debug */,
				9DB0BAC82B400DF300C41A2D /* Release */,
			);
			defaultConfigurationIsVisible = 0;
			defaultConfigurationName = Release;
		};
		9DB0BAC92B400DF300C41A2D /* Build configuration list for PBXNativeTarget "GitFollowers" */ = {
			isa = XCConfigurationList;
			buildConfigurations = (
				9DB0BACA2B400DF300C41A2D /* Debug */,
				9DB0BACB2B400DF300C41A2D /* Release */,
			);
			defaultConfigurationIsVisible = 0;
			defaultConfigurationName = Release;
		};
/* End XCConfigurationList section */
	};
	rootObject = 9DB0BAAD2B400DF200C41A2D /* Project object */;
}
